
Microsoft Visual Studio Solution File, Format Version 12.00
# Visual Studio Version 17
VisualStudioVersion = 17.7.34031.279
MinimumVisualStudioVersion = 10.0.40219.1
Project("{00D1A9C2-B5F0-4AF3-8072-F6C62B433612}") = "IntelliBA", "IntelliBA\IntelliBA.sqlproj", "{2DF8F7C1-0DAA-4276-B063-3E1F9519EA02}"
EndProject
Global
	GlobalSection(SolutionConfigurationPlatforms) = preSolution
		Debug|Any CPU = Debug|Any CPU
		Release|Any CPU = Release|Any CPU
	EndGlobalSection
	GlobalSection(ProjectConfigurationPlatforms) = postSolution
		{2DF8F7C1-0DAA-4276-B063-3E1F9519EA02}.Debug|Any CPU.ActiveCfg = Debug|Any CPU
		{2DF8F7C1-0DAA-4276-B063-3E1F9519EA02}.Debug|Any CPU.Build.0 = Debug|Any CPU
		{2DF8F7C1-0DAA-4276-B063-3E1F9519EA02}.Debug|Any CPU.Deploy.0 = Debug|Any CPU
		{2DF8F7C1-0DAA-4276-B063-3E1F9519EA02}.Release|Any CPU.ActiveCfg = Release|Any CPU
		{2DF8F7C1-0DAA-4276-B063-3E1F9519EA02}.Release|Any CPU.Build.0 = Release|Any CPU
		{2DF8F7C1-0DAA-4276-B063-3E1F9519EA02}.Release|Any CPU.Deploy.0 = Release|Any CPU
	EndGlobalSection
	GlobalSection(SolutionProperties) = preSolution
		HideSolutionNode = FALSE
	EndGlobalSection
	GlobalSection(ExtensibilityGlobals) = postSolution
		SolutionGuid = {50F5E6B9-F91D-4A92-AB9E-D47F0E530451}
	EndGlobalSection
EndGlobal
